// !$*UTF8*$!
{
	archiveVersion = 1;
	classes = {
	};
	objectVersion = 46;
	objects = {

/* Begin PBXBuildFile section */
		5A2CA9541E66A79B00804C21 /* main.m in Sources */ = {isa = PBXBuildFile; fileRef = 5A2CA9531E66A79B00804C21 /* main.m */; };
		5A2CA9571E66A79B00804C21 /* AppDelegate.m in Sources */ = {isa = PBXBuildFile; fileRef = 5A2CA9561E66A79B00804C21 /* AppDelegate.m */; };
		5A2CA95A1E66A79B00804C21 /* ViewController.m in Sources */ = {isa = PBXBuildFile; fileRef = 5A2CA9591E66A79B00804C21 /* ViewController.m */; };
		5A2CA95D1E66A79B00804C21 /* Main.storyboard in Resources */ = {isa = PBXBuildFile; fileRef = 5A2CA95B1E66A79B00804C21 /* Main.storyboard */; };
		5A2CA95F1E66A79B00804C21 /* Assets.xcassets in Resources */ = {isa = PBXBuildFile; fileRef = 5A2CA95E1E66A79B00804C21 /* Assets.xcassets */; };
		5A2CA9621E66A79B00804C21 /* LaunchScreen.storyboard in Resources */ = {isa = PBXBuildFile; fileRef = 5A2CA9601E66A79B00804C21 /* LaunchScreen.storyboard */; };
		5A2CA96D1E66A79B00804C21 /* AlwaysRollTests.m in Sources */ = {isa = PBXBuildFile; fileRef = 5A2CA96C1E66A79B00804C21 /* AlwaysRollTests.m */; };
		5A2CA9781E66A79B00804C21 /* AlwaysRollUITests.m in Sources */ = {isa = PBXBuildFile; fileRef = 5A2CA9771E66A79B00804C21 /* AlwaysRollUITests.m */; };
		5A310B751ED5245F0031732A /* 6.jpg in Resources */ = {isa = PBXBuildFile; fileRef = 5A310B741ED5245F0031732A /* 6.jpg */; };
		5AB66DE31ED2EB6100CFFF79 /* LVMProductPageControl.m in Sources */ = {isa = PBXBuildFile; fileRef = 5AB66DE21ED2EB6100CFFF79 /* LVMProductPageControl.m */; };
		5AF9347C1E67EF8F001934AE /* AlwaysRollView.m in Sources */ = {isa = PBXBuildFile; fileRef = 5AF9347B1E67EF8F001934AE /* AlwaysRollView.m */; };
		5AF9348D1E680402001934AE /* 1.jpg in Resources */ = {isa = PBXBuildFile; fileRef = 5AF934881E680402001934AE /* 1.jpg */; };
		5AF9348E1E680402001934AE /* 2.jpg in Resources */ = {isa = PBXBuildFile; fileRef = 5AF934891E680402001934AE /* 2.jpg */; };
		5AF9348F1E680402001934AE /* 3.jpg in Resources */ = {isa = PBXBuildFile; fileRef = 5AF9348A1E680402001934AE /* 3.jpg */; };
		5AF934911E680402001934AE /* 5.jpg in Resources */ = {isa = PBXBuildFile; fileRef = 5AF9348C1E680402001934AE /* 5.jpg */; };
		5AF934931E680445001934AE /* 4.jpg in Resources */ = {isa = PBXBuildFile; fileRef = 5AF934921E680445001934AE /* 4.jpg */; };
/* End PBXBuildFile section */

/* Begin PBXContainerItemProxy section */
		5A2CA9691E66A79B00804C21 /* PBXContainerItemProxy */ = {
			isa = PBXContainerItemProxy;
			containerPortal = 5A2CA9471E66A79B00804C21 /* Project object */;
			proxyType = 1;
			remoteGlobalIDString = 5A2CA94E1E66A79B00804C21;
			remoteInfo = AlwaysRoll;
		};
		5A2CA9741E66A79B00804C21 /* PBXContainerItemProxy */ = {
			isa = PBXContainerItemProxy;
			containerPortal = 5A2CA9471E66A79B00804C21 /* Project object */;
			proxyType = 1;
			remoteGlobalIDString = 5A2CA94E1E66A79B00804C21;
			remoteInfo = AlwaysRoll;
		};
/* End PBXContainerItemProxy section */

/* Begin PBXFileReference section */
		5A2CA94F1E66A79B00804C21 /* AlwaysRoll.app */ = {isa = PBXFileReference; explicitFileType = wrapper.application; includeInIndex = 0; path = AlwaysRoll.app; sourceTree = BUILT_PRODUCTS_DIR; };
		5A2CA9531E66A79B00804C21 /* main.m */ = {isa = PBXFileReference; lastKnownFileType = sourcecode.c.objc; path = main.m; sourceTree = "<group>"; };
		5A2CA9551E66A79B00804C21 /* AppDelegate.h */ = {isa = PBXFileReference; lastKnownFileType = sourcecode.c.h; path = AppDelegate.h; sourceTree = "<group>"; };
		5A2CA9561E66A79B00804C21 /* AppDelegate.m */ = {isa = PBXFileReference; lastKnownFileType = sourcecode.c.objc; path = AppDelegate.m; sourceTree = "<group>"; };
		5A2CA9581E66A79B00804C21 /* ViewController.h */ = {isa = PBXFileReference; lastKnownFileType = sourcecode.c.h; path = ViewController.h; sourceTree = "<group>"; };
		5A2CA9591E66A79B00804C21 /* ViewController.m */ = {isa = PBXFileReference; lastKnownFileType = sourcecode.c.objc; path = ViewController.m; sourceTree = "<group>"; };
		5A2CA95C1E66A79B00804C21 /* Base */ = {isa = PBXFileReference; lastKnownFileType = file.storyboard; name = Base; path = Base.lproj/Main.storyboard; sourceTree = "<group>"; };
		5A2CA95E1E66A79B00804C21 /* Assets.xcassets */ = {isa = PBXFileReference; lastKnownFileType = folder.assetcatalog; path = Assets.xcassets; sourceTree = "<group>"; };
		5A2CA9611E66A79B00804C21 /* Base */ = {isa = PBXFileReference; lastKnownFileType = file.storyboard; name = Base; path = Base.lproj/LaunchScreen.storyboard; sourceTree = "<group>"; };
		5A2CA9631E66A79B00804C21 /* Info.plist */ = {isa = PBXFileReference; lastKnownFileType = text.plist.xml; path = Info.plist; sourceTree = "<group>"; };
		5A2CA9681E66A79B00804C21 /* AlwaysRollTests.xctest */ = {isa = PBXFileReference; explicitFileType = wrapper.cfbundle; includeInIndex = 0; path = AlwaysRollTests.xctest; sourceTree = BUILT_PRODUCTS_DIR; };
		5A2CA96C1E66A79B00804C21 /* AlwaysRollTests.m */ = {isa = PBXFileReference; lastKnownFileType = sourcecode.c.objc; path = AlwaysRollTests.m; sourceTree = "<group>"; };
		5A2CA96E1E66A79B00804C21 /* Info.plist */ = {isa = PBXFileReference; lastKnownFileType = text.plist.xml; path = Info.plist; sourceTree = "<group>"; };
		5A2CA9731E66A79B00804C21 /* AlwaysRollUITests.xctest */ = {isa = PBXFileReference; explicitFileType = wrapper.cfbundle; includeInIndex = 0; path = AlwaysRollUITests.xctest; sourceTree = BUILT_PRODUCTS_DIR; };
		5A2CA9771E66A79B00804C21 /* AlwaysRollUITests.m */ = {isa = PBXFileReference; lastKnownFileType = sourcecode.c.objc; path = AlwaysRollUITests.m; sourceTree = "<group>"; };
		5A2CA9791E66A79B00804C21 /* Info.plist */ = {isa = PBXFileReference; lastKnownFileType = text.plist.xml; path = Info.plist; sourceTree = "<group>"; };
		5A310B741ED5245F0031732A /* 6.jpg */ = {isa = PBXFileReference; lastKnownFileType = image.jpeg; path = 6.jpg; sourceTree = "<group>"; };
		5AB66DE11ED2EB6100CFFF79 /* LVMProductPageControl.h */ = {isa = PBXFileReference; fileEncoding = 4; lastKnownFileType = sourcecode.c.h; path = LVMProductPageControl.h; sourceTree = "<group>"; };
		5AB66DE21ED2EB6100CFFF79 /* LVMProductPageControl.m */ = {isa = PBXFileReference; fileEncoding = 4; lastKnownFileType = sourcecode.c.objc; path = LVMProductPageControl.m; sourceTree = "<group>"; };
		5AF9347A1E67EF8F001934AE /* AlwaysRollView.h */ = {isa = PBXFileReference; fileEncoding = 4; lastKnownFileType = sourcecode.c.h; path = AlwaysRollView.h; sourceTree = "<group>"; };
		5AF9347B1E67EF8F001934AE /* AlwaysRollView.m */ = {isa = PBXFileReference; fileEncoding = 4; lastKnownFileType = sourcecode.c.objc; path = AlwaysRollView.m; sourceTree = "<group>"; };
		5AF934881E680402001934AE /* 1.jpg */ = {isa = PBXFileReference; lastKnownFileType = image.jpeg; path = 1.jpg; sourceTree = "<group>"; };
		5AF934891E680402001934AE /* 2.jpg */ = {isa = PBXFileReference; lastKnownFileType = image.jpeg; path = 2.jpg; sourceTree = "<group>"; };
		5AF9348A1E680402001934AE /* 3.jpg */ = {isa = PBXFileReference; lastKnownFileType = image.jpeg; path = 3.jpg; sourceTree = "<group>"; };
		5AF9348C1E680402001934AE /* 5.jpg */ = {isa = PBXFileReference; lastKnownFileType = image.jpeg; path = 5.jpg; sourceTree = "<group>"; };
		5AF934921E680445001934AE /* 4.jpg */ = {isa = PBXFileReference; lastKnownFileType = image.jpeg; path = 4.jpg; sourceTree = "<group>"; };
/* End PBXFileReference section */

/* Begin PBXFrameworksBuildPhase section */
		5A2CA94C1E66A79B00804C21 /* Frameworks */ = {
			isa = PBXFrameworksBuildPhase;
			buildActionMask = 2147483647;
			files = (
			);
			runOnlyForDeploymentPostprocessing = 0;
		};
		5A2CA9651E66A79B00804C21 /* Frameworks */ = {
			isa = PBXFrameworksBuildPhase;
			buildActionMask = 2147483647;
			files = (
			);
			runOnlyForDeploymentPostprocessing = 0;
		};
		5A2CA9701E66A79B00804C21 /* Frameworks */ = {
			isa = PBXFrameworksBuildPhase;
			buildActionMask = 2147483647;
			files = (
			);
			runOnlyForDeploymentPostprocessing = 0;
		};
/* End PBXFrameworksBuildPhase section */

/* Begin PBXGroup section */
		5A2CA9461E66A79B00804C21 = {
			isa = PBXGroup;
			children = (
				5A2CA9511E66A79B00804C21 /* AlwaysRoll */,
				5A2CA96B1E66A79B00804C21 /* AlwaysRollTests */,
				5A2CA9761E66A79B00804C21 /* AlwaysRollUITests */,
				5A2CA9501E66A79B00804C21 /* Products */,
			);
			sourceTree = "<group>";
		};
		5A2CA9501E66A79B00804C21 /* Products */ = {
			isa = PBXGroup;
			children = (
				5A2CA94F1E66A79B00804C21 /* AlwaysRoll.app */,
				5A2CA9681E66A79B00804C21 /* AlwaysRollTests.xctest */,
				5A2CA9731E66A79B00804C21 /* AlwaysRollUITests.xctest */,
			);
			name = Products;
			sourceTree = "<group>";
		};
		5A2CA9511E66A79B00804C21 /* AlwaysRoll */ = {
			isa = PBXGroup;
			children = (
				5AF9347D1E6801AE001934AE /* image */,
				5A2CA9551E66A79B00804C21 /* AppDelegate.h */,
				5A2CA9561E66A79B00804C21 /* AppDelegate.m */,
				5A2CA9581E66A79B00804C21 /* ViewController.h */,
				5A2CA9591E66A79B00804C21 /* ViewController.m */,
				5AF9347A1E67EF8F001934AE /* AlwaysRollView.h */,
				5AF9347B1E67EF8F001934AE /* AlwaysRollView.m */,
				5AB66DE11ED2EB6100CFFF79 /* LVMProductPageControl.h */,
				5AB66DE21ED2EB6100CFFF79 /* LVMProductPageControl.m */,
				5A2CA95B1E66A79B00804C21 /* Main.storyboard */,
				5A2CA95E1E66A79B00804C21 /* Assets.xcassets */,
				5A2CA9601E66A79B00804C21 /* LaunchScreen.storyboard */,
				5A2CA9631E66A79B00804C21 /* Info.plist */,
				5A2CA9521E66A79B00804C21 /* Supporting Files */,
			);
			path = AlwaysRoll;
			sourceTree = "<group>";
		};
		5A2CA9521E66A79B00804C21 /* Supporting Files */ = {
			isa = PBXGroup;
			children = (
				5A2CA9531E66A79B00804C21 /* main.m */,
			);
			name = "Supporting Files";
			sourceTree = "<group>";
		};
		5A2CA96B1E66A79B00804C21 /* AlwaysRollTests */ = {
			isa = PBXGroup;
			children = (
				5A2CA96C1E66A79B00804C21 /* AlwaysRollTests.m */,
				5A2CA96E1E66A79B00804C21 /* Info.plist */,
			);
			path = AlwaysRollTests;
			sourceTree = "<group>";
		};
		5A2CA9761E66A79B00804C21 /* AlwaysRollUITests */ = {
			isa = PBXGroup;
			children = (
				5A2CA9771E66A79B00804C21 /* AlwaysRollUITests.m */,
				5A2CA9791E66A79B00804C21 /* Info.plist */,
			);
			path = AlwaysRollUITests;
			sourceTree = "<group>";
		};
		5AF9347D1E6801AE001934AE /* image */ = {
			isa = PBXGroup;
			children = (
				5AF934881E680402001934AE /* 1.jpg */,
				5AF934891E680402001934AE /* 2.jpg */,
				5AF9348A1E680402001934AE /* 3.jpg */,
				5AF934921E680445001934AE /* 4.jpg */,
				5AF9348C1E680402001934AE /* 5.jpg */,
				5A310B741ED5245F0031732A /* 6.jpg */,
			);
			path = image;
			sourceTree = "<group>";
		};
/* End PBXGroup section */

/* Begin PBXNativeTarget section */
		5A2CA94E1E66A79B00804C21 /* AlwaysRoll */ = {
			isa = PBXNativeTarget;
			buildConfigurationList = 5A2CA97C1E66A79B00804C21 /* Build configuration list for PBXNativeTarget "AlwaysRoll" */;
			buildPhases = (
				5A2CA94B1E66A79B00804C21 /* Sources */,
				5A2CA94C1E66A79B00804C21 /* Frameworks */,
				5A2CA94D1E66A79B00804C21 /* Resources */,
			);
			buildRules = (
			);
			dependencies = (
			);
			name = AlwaysRoll;
			productName = AlwaysRoll;
			productReference = 5A2CA94F1E66A79B00804C21 /* AlwaysRoll.app */;
			productType = "com.apple.product-type.application";
		};
		5A2CA9671E66A79B00804C21 /* AlwaysRollTests */ = {
			isa = PBXNativeTarget;
			buildConfigurationList = 5A2CA97F1E66A79B00804C21 /* Build configuration list for PBXNativeTarget "AlwaysRollTests" */;
			buildPhases = (
				5A2CA9641E66A79B00804C21 /* Sources */,
				5A2CA9651E66A79B00804C21 /* Frameworks */,
				5A2CA9661E66A79B00804C21 /* Resources */,
			);
			buildRules = (
			);
			dependencies = (
				5A2CA96A1E66A79B00804C21 /* PBXTargetDependency */,
			);
			name = AlwaysRollTests;
			productName = AlwaysRollTests;
			productReference = 5A2CA9681E66A79B00804C21 /* AlwaysRollTests.xctest */;
			productType = "com.apple.product-type.bundle.unit-test";
		};
		5A2CA9721E66A79B00804C21 /* AlwaysRollUITests */ = {
			isa = PBXNativeTarget;
			buildConfigurationList = 5A2CA9821E66A79B00804C21 /* Build configuration list for PBXNativeTarget "AlwaysRollUITests" */;
			buildPhases = (
				5A2CA96F1E66A79B00804C21 /* Sources */,
				5A2CA9701E66A79B00804C21 /* Frameworks */,
				5A2CA9711E66A79B00804C21 /* Resources */,
			);
			buildRules = (
			);
			dependencies = (
				5A2CA9751E66A79B00804C21 /* PBXTargetDependency */,
			);
			name = AlwaysRollUITests;
			productName = AlwaysRollUITests;
			productReference = 5A2CA9731E66A79B00804C21 /* AlwaysRollUITests.xctest */;
			productType = "com.apple.product-type.bundle.ui-testing";
		};
/* End PBXNativeTarget section */

/* Begin PBXProject section */
		5A2CA9471E66A79B00804C21 /* Project object */ = {
			isa = PBXProject;
			attributes = {
				LastUpgradeCheck = 0810;
				ORGANIZATIONNAME = wurui;
				TargetAttributes = {
					5A2CA94E1E66A79B00804C21 = {
						CreatedOnToolsVersion = 8.1;
						DevelopmentTeam = XSL78285HV;
						ProvisioningStyle = Automatic;
					};
					5A2CA9671E66A79B00804C21 = {
						CreatedOnToolsVersion = 8.1;
						DevelopmentTeam = XSL78285HV;
						ProvisioningStyle = Automatic;
						TestTargetID = 5A2CA94E1E66A79B00804C21;
					};
					5A2CA9721E66A79B00804C21 = {
						CreatedOnToolsVersion = 8.1;
						DevelopmentTeam = XSL78285HV;
						ProvisioningStyle = Automatic;
						TestTargetID = 5A2CA94E1E66A79B00804C21;
					};
				};
			};
			buildConfigurationList = 5A2CA94A1E66A79B00804C21 /* Build configuration list for PBXProject "AlwaysRoll" */;
			compatibilityVersion = "Xcode 3.2";
			developmentRegion = English;
			hasScannedForEncodings = 0;
			knownRegions = (
				en,
				Base,
			);
			mainGroup = 5A2CA9461E66A79B00804C21;
			productRefGroup = 5A2CA9501E66A79B00804C21 /* Products */;
			projectDirPath = "";
			projectRoot = "";
			targets = (
				5A2CA94E1E66A79B00804C21 /* AlwaysRoll */,
				5A2CA9671E66A79B00804C21 /* AlwaysRollTests */,
				5A2CA9721E66A79B00804C21 /* AlwaysRollUITests */,
			);
		};
/* End PBXProject section */

/* Begin PBXResourcesBuildPhase section */
		5A2CA94D1E66A79B00804C21 /* Resources */ = {
			isa = PBXResourcesBuildPhase;
			buildActionMask = 2147483647;
			files = (
				5A310B751ED5245F0031732A /* 6.jpg in Resources */,
				5AF934931E680445001934AE /* 4.jpg in Resources */,
				5A2CA9621E66A79B00804C21 /* LaunchScreen.storyboard in Resources */,
				5AF934911E680402001934AE /* 5.jpg in Resources */,
				5AF9348D1E680402001934AE /* 1.jpg in Resources */,
				5AF9348E1E680402001934AE /* 2.jpg in Resources */,
				5AF9348F1E680402001934AE /* 3.jpg in Resources */,
				5A2CA95F1E66A79B00804C21 /* Assets.xcassets in Resources */,
				5A2CA95D1E66A79B00804C21 /* Main.storyboard in Resources */,
			);
			runOnlyForDeploymentPostprocessing = 0;
		};
		5A2CA9661E66A79B00804C21 /* Resources */ = {
			isa = PBXResourcesBuildPhase;
			buildActionMask = 2147483647;
			files = (
			);
			runOnlyForDeploymentPostprocessing = 0;
		};
		5A2CA9711E66A79B00804C21 /* Resources */ = {
			isa = PBXResourcesBuildPhase;
			buildActionMask = 2147483647;
			files = (
			);
			runOnlyForDeploymentPostprocessing = 0;
		};
/* End PBXResourcesBuildPhase section */

/* Begin PBXSourcesBuildPhase section */
		5A2CA94B1E66A79B00804C21 /* Sources */ = {
			isa = PBXSourcesBuildPhase;
			buildActionMask = 2147483647;
			files = (
				5A2CA95A1E66A79B00804C21 /* ViewController.m in Sources */,
				5AF9347C1E67EF8F001934AE /* AlwaysRollView.m in Sources */,
				5AB66DE31ED2EB6100CFFF79 /* LVMProductPageControl.m in Sources */,
				5A2CA9571E66A79B00804C21 /* AppDelegate.m in Sources */,
				5A2CA9541E66A79B00804C21 /* main.m in Sources */,
			);
			runOnlyForDeploymentPostprocessing = 0;
		};
		5A2CA9641E66A79B00804C21 /* Sources */ = {
			isa = PBXSourcesBuildPhase;
			buildActionMask = 2147483647;
			files = (
				5A2CA96D1E66A79B00804C21 /* AlwaysRollTests.m in Sources */,
			);
			runOnlyForDeploymentPostprocessing = 0;
		};
		5A2CA96F1E66A79B00804C21 /* Sources */ = {
			isa = PBXSourcesBuildPhase;
			buildActionMask = 2147483647;
			files = (
				5A2CA9781E66A79B00804C21 /* AlwaysRollUITests.m in Sources */,
			);
			runOnlyForDeploymentPostprocessing = 0;
		};
/* End PBXSourcesBuildPhase section */

/* Begin PBXTargetDependency section */
		5A2CA96A1E66A79B00804C21 /* PBXTargetDependency */ = {
			isa = PBXTargetDependency;
			target = 5A2CA94E1E66A79B00804C21 /* AlwaysRoll */;
			targetProxy = 5A2CA9691E66A79B00804C21 /* PBXContainerItemProxy */;
		};
		5A2CA9751E66A79B00804C21 /* PBXTargetDependency */ = {
			isa = PBXTargetDependency;
			target = 5A2CA94E1E66A79B00804C21 /* AlwaysRoll */;
			targetProxy = 5A2CA9741E66A79B00804C21 /* PBXContainerItemProxy */;
		};
/* End PBXTargetDependency section */

/* Begin PBXVariantGroup section */
		5A2CA95B1E66A79B00804C21 /* Main.storyboard */ = {
			isa = PBXVariantGroup;
			children = (
				5A2CA95C1E66A79B00804C21 /* Base */,
			);
			name = Main.storyboard;
			sourceTree = "<group>";
		};
		5A2CA9601E66A79B00804C21 /* LaunchScreen.storyboard */ = {
			isa = PBXVariantGroup;
			children = (
				5A2CA9611E66A79B00804C21 /* Base */,
			);
			name = LaunchScreen.storyboard;
			sourceTree = "<group>";
		};
/* End PBXVariantGroup section */

/* Begin XCBuildConfiguration section */
		5A2CA97A1E66A79B00804C21 /* Debug */ = {
			isa = XCBuildConfiguration;
			buildSettings = {
				ALWAYS_SEARCH_USER_PATHS = NO;
				CLANG_ANALYZER_NONNULL = YES;
				CLANG_CXX_LANGUAGE_STANDARD = "gnu++0x";
				CLANG_CXX_LIBRARY = "libc++";
				CLANG_ENABLE_MODULES = YES;
				CLANG_ENABLE_OBJC_ARC = YES;
				CLANG_WARN_BOOL_CONVERSION = YES;
				CLANG_WARN_CONSTANT_CONVERSION = YES;
				CLANG_WARN_DIRECT_OBJC_ISA_USAGE = YES_ERROR;
				CLANG_WARN_DOCUMENTATION_COMMENTS = YES;
				CLANG_WARN_EMPTY_BODY = YES;
				CLANG_WARN_ENUM_CONVERSION = YES;
				CLANG_WARN_INFINITE_RECURSION = YES;
				CLANG_WARN_INT_CONVERSION = YES;
				CLANG_WARN_OBJC_ROOT_CLASS = YES_ERROR;
				CLANG_WARN_SUSPICIOUS_MOVES = YES;
				CLANG_WARN_UNREACHABLE_CODE = YES;
				CLANG_WARN__DUPLICATE_METHOD_MATCH = YES;
				"CODE_SIGN_IDENTITY[sdk=iphoneos*]" = "iPhone Developer";
				COPY_PHASE_STRIP = NO;
				DEBUG_INFORMATION_FORMAT = dwarf;
				ENABLE_STRICT_OBJC_MSGSEND = YES;
				ENABLE_TESTABILITY = YES;
				GCC_C_LANGUAGE_STANDARD = gnu99;
				GCC_DYNAMIC_NO_PIC = NO;
				GCC_NO_COMMON_BLOCKS = YES;
				GCC_OPTIMIZATION_LEVEL = 0;
				GCC_PREPROCESSOR_DEFINITIONS = (
					"DEBUG=1",
					"$(inherited)",
				);
				GCC_WARN_64_TO_32_BIT_CONVERSION = YES;
				GCC_WARN_ABOUT_RETURN_TYPE = YES_ERROR;
				GCC_WARN_UNDECLARED_SELECTOR = YES;
				GCC_WARN_UNINITIALIZED_AUTOS = YES_AGGRESSIVE;
				GCC_WARN_UNUSED_FUNCTION = YES;
				GCC_WARN_UNUSED_VARIABLE = YES;
				IPHONEOS_DEPLOYMENT_TARGET = 10.1;
				MTL_ENABLE_DEBUG_INFO = YES;
				ONLY_ACTIVE_ARCH = YES;
				SDKROOT = iphoneos;
				TARGETED_DEVICE_FAMILY = "1,2";
			};
			name = Debug;
		};
		5A2CA97B1E66A79B00804C21 /* Release */ = {
			isa = XCBuildConfiguration;
			buildSettings = {
				ALWAYS_SEARCH_USER_PATHS = NO;
				CLANG_ANALYZER_NONNULL = YES;
				CLANG_CXX_LANGUAGE_STANDARD = "gnu++0x";
				CLANG_CXX_LIBRARY = "libc++";
				CLANG_ENABLE_MODULES = YES;
				CLANG_ENABLE_OBJC_ARC = YES;
				CLANG_WARN_BOOL_CONVERSION = YES;
				CLANG_WARN_CONSTANT_CONVERSION = YES;
				CLANG_WARN_DIRECT_OBJC_ISA_USAGE = YES_ERROR;
				CLANG_WARN_DOCUMENTATION_COMMENTS = YES;
				CLANG_WARN_EMPTY_BODY = YES;
				CLANG_WARN_ENUM_CONVERSION = YES;
				CLANG_WARN_INFINITE_RECURSION = YES;
				CLANG_WARN_INT_CONVERSION = YES;
				CLANG_WARN_OBJC_ROOT_CLASS = YES_ERROR;
				CLANG_WARN_SUSPICIOUS_MOVES = YES;
				CLANG_WARN_UNREACHABLE_CODE = YES;
				CLANG_WARN__DUPLICATE_METHOD_MATCH = YES;
				"CODE_SIGN_IDENTITY[sdk=iphoneos*]" = "iPhone Developer";
				COPY_PHASE_STRIP = NO;
				DEBUG_INFORMATION_FORMAT = "dwarf-with-dsym";
				ENABLE_NS_ASSERTIONS = NO;
				ENABLE_STRICT_OBJC_MSGSEND = YES;
				GCC_C_LANGUAGE_STANDARD = gnu99;
				GCC_NO_COMMON_BLOCKS = YES;
				GCC_WARN_64_TO_32_BIT_CONVERSION = YES;
				GCC_WARN_ABOUT_RETURN_TYPE = YES_ERROR;
				GCC_WARN_UNDECLARED_SELECTOR = YES;
				GCC_WARN_UNINITIALIZED_AUTOS = YES_AGGRESSIVE;
				GCC_WARN_UNUSED_FUNCTION = YES;
				GCC_WARN_UNUSED_VARIABLE = YES;
				IPHONEOS_DEPLOYMENT_TARGET = 10.1;
				MTL_ENABLE_DEBUG_INFO = NO;
				SDKROOT = iphoneos;
				TARGETED_DEVICE_FAMILY = "1,2";
				VALIDATE_PRODUCT = YES;
			};
			name = Release;
		};
		5A2CA97D1E66A79B00804C21 /* Debug */ = {
			isa = XCBuildConfiguration;
			buildSettings = {
				ASSETCATALOG_COMPILER_APPICON_NAME = AppIcon;
				DEVELOPMENT_TEAM = XSL78285HV;
				INFOPLIST_FILE = AlwaysRoll/Info.plist;
				LD_RUNPATH_SEARCH_PATHS = "$(inherited) @executable_path/Frameworks";
				PRODUCT_BUNDLE_IDENTIFIER = wurui.secoo.AlwaysRoll;
				PRODUCT_NAME = "$(TARGET_NAME)";
			};
			name = Debug;
		};
		5A2CA97E1E66A79B00804C21 /* Release */ = {
			isa = XCBuildConfiguration;
			buildSettings = {
				ASSETCATALOG_COMPILER_APPICON_NAME = AppIcon;
				DEVELOPMENT_TEAM = XSL78285HV;
				INFOPLIST_FILE = AlwaysRoll/Info.plist;
				LD_RUNPATH_SEARCH_PATHS = "$(inherited) @executable_path/Frameworks";
				PRODUCT_BUNDLE_IDENTIFIER = wurui.secoo.AlwaysRoll;
				PRODUCT_NAME = "$(TARGET_NAME)";
			};
			name = Release;
		};
		5A2CA9801E66A79B00804C21 /* Debug */ = {
			isa = XCBuildConfiguration;
			buildSettings = {
				BUNDLE_LOADER = "$(TEST_HOST)";
				DEVELOPMENT_TEAM = XSL78285HV;
				INFOPLIST_FILE = AlwaysRollTests/Info.plist;
				LD_RUNPATH_SEARCH_PATHS = "$(inherited) @executable_path/Frameworks @loader_path/Frameworks";
				PRODUCT_BUNDLE_IDENTIFIER = wurui.secoo.AlwaysRollTests;
				PRODUCT_NAME = "$(TARGET_NAME)";
				TEST_HOST = "$(BUILT_PRODUCTS_DIR)/AlwaysRoll.app/AlwaysRoll";
			};
			name = Debug;
		};
		5A2CA9811E66A79B00804C21 /* Release */ = {
			isa = XCBuildConfiguration;
			buildSettings = {
				BUNDLE_LOADER = "$(TEST_HOST)";
				DEVELOPMENT_TEAM = XSL78285HV;
				INFOPLIST_FILE = AlwaysRollTests/Info.plist;
				LD_RUNPATH_SEARCH_PATHS = "$(inherited) @executable_path/Frameworks @loader_path/Frameworks";
				PRODUCT_BUNDLE_IDENTIFIER = wurui.secoo.AlwaysRollTests;
				PRODUCT_NAME = "$(TARGET_NAME)";
				TEST_HOST = "$(BUILT_PRODUCTS_DIR)/AlwaysRoll.app/AlwaysRoll";
			};
			name = Release;
		};
		5A2CA9831E66A79B00804C21 /* Debug */ = {
			isa = XCBuildConfiguration;
			buildSettings = {
				DEVELOPMENT_TEAM = XSL78285HV;
				INFOPLIST_FILE = AlwaysRollUITests/Info.plist;
				LD_RUNPATH_SEARCH_PATHS = "$(inherited) @executable_path/Frameworks @loader_path/Frameworks";
				PRODUCT_BUNDLE_IDENTIFIER = wurui.secoo.AlwaysRollUITests;
				PRODUCT_NAME = "$(TARGET_NAME)";
				TEST_TARGET_NAME = AlwaysRoll;
			};
			name = Debug;
		};
		5A2CA9841E66A79B00804C21 /* Release */ = {
			isa = XCBuildConfiguration;
			buildSettings = {
				DEVELOPMENT_TEAM = XSL78285HV;
				INFOPLIST_FILE = AlwaysRollUITests/Info.plist;
				LD_RUNPATH_SEARCH_PATHS = "$(inherited) @executable_path/Frameworks @loader_path/Frameworks";
				PRODUCT_BUNDLE_IDENTIFIER = wurui.secoo.AlwaysRollUITests;
				PRODUCT_NAME = "$(TARGET_NAME)";
				TEST_TARGET_NAME = AlwaysRoll;
			};
			name = Release;
		};
/* End XCBuildConfiguration section */

/* Begin XCConfigurationList section */
		5A2CA94A1E66A79B00804C21 /* Build configuration list for PBXProject "AlwaysRoll" */ = {
			isa = XCConfigurationList;
			buildConfigurations = (
				5A2CA97A1E66A79B00804C21 /* Debug */,
				5A2CA97B1E66A79B00804C21 /* Release */,
			);
			defaultConfigurationIsVisible = 0;
			defaultConfigurationName = Release;
		};
		5A2CA97C1E66A79B00804C21 /* Build configuration list for PBXNativeTarget "AlwaysRoll" */ = {
			isa = XCConfigurationList;
			buildConfigurations = (
				5A2CA97D1E66A79B00804C21 /* Debug */,
				5A2CA97E1E66A79B00804C21 /* Release */,
			);
			defaultConfigurationIsVisible = 0;
			defaultConfigurationName = Release;
		};
		5A2CA97F1E66A79B00804C21 /* Build configuration list for PBXNativeTarget "AlwaysRollTests" */ = {
			isa = XCConfigurationList;
			buildConfigurations = (
				5A2CA9801E66A79B00804C21 /* Debug */,
				5A2CA9811E66A79B00804C21 /* Release */,
			);
			defaultConfigurationIsVisible = 0;
			defaultConfigurationName = Release;
		};
		5A2CA9821E66A79B00804C21 /* Build configuration list for PBXNativeTarget "AlwaysRollUITests" */ = {
			isa = XCConfigurationList;
			buildConfigurations = (
				5A2CA9831E66A79B00804C21 /* Debug */,
				5A2CA9841E66A79B00804C21 /* Release */,
			);
			defaultConfigurationIsVisible = 0;
			defaultConfigurationName = Release;
		};
/* End XCConfigurationList section */
	};
	rootObject = 5A2CA9471E66A79B00804C21 /* Project object */;
}
